
Microsoft Visual Studio Solution File, Format Version 12.00
# Visual Studio 15
VisualStudioVersion = 15.0.28307.271
MinimumVisualStudioVersion = 10.0.40219.1
Project("{FAE04EC0-301F-11D3-BF4B-00C04F79EFBC}") = "RestoWebAPI", "RestoWebAPI\RestoWebAPI.csproj", "{17808AB9-DE1C-41EE-8684-7C9554ECFB90}"
EndProject
Global
	GlobalSection(SolutionConfigurationPlatforms) = preSolution
		Debug|Any CPU = Debug|Any CPU
		Release|Any CPU = Release|Any CPU
	EndGlobalSection
	GlobalSection(ProjectConfigurationPlatforms) = postSolution
		{17808AB9-DE1C-41EE-8684-7C9554ECFB90}.Debug|Any CPU.ActiveCfg = Debug|Any CPU
		{17808AB9-DE1C-41EE-8684-7C9554ECFB90}.Debug|Any CPU.Build.0 = Debug|Any CPU
		{17808AB9-DE1C-41EE-8684-7C9554ECFB90}.Release|Any CPU.ActiveCfg = Release|Any CPU
		{17808AB9-DE1C-41EE-8684-7C9554ECFB90}.Release|Any CPU.Build.0 = Release|Any CPU
	EndGlobalSection
	GlobalSection(SolutionProperties) = preSolution
		HideSolutionNode = FALSE
	EndGlobalSection
	GlobalSection(ExtensibilityGlobals) = postSolution
		SolutionGuid = {BA209569-BEE4-4A9D-8950-E375DAF7E4D3}
	EndGlobalSection
EndGlobal
